github.com/joho/godotenv v1.5.1 h1:7eLL/+HRGLY0ldzfGMeQkb7vMd0as4CfYvUVzLqw0N0=
github.com/joho/godotenv v1.5.1/go.mod h1:f4LDr5Voq0i2e/R5DDNOoa2zzDfwtkZa6DnEwAbqwq4=
github.com/wit-ai/wit-go/v2 v2.0.2 h1:poO2FW2eQqfb3iMf/54KA7nSTYkLlI7n/wu7bYubomY=
github.com/wit-ai/wit-go/v2 v2.0.2/go.mod h1:3uAerZ/h9riAOquOZc5/qPinCXrzeBO3KL/r208FWos=
